// !$*UTF8*$!
{
	archiveVersion = 1;
	classes = {
	};
	objectVersion = 51;
	objects = {

/* Begin PBXBuildFile section */
		2C03A36823D8862E0024E527 /* AppDelegate.swift in Sources */ = {isa = PBXBuildFile; fileRef = 2C03A36723D8862E0024E527 /* AppDelegate.swift */; };
		2C03A37123D886320024E527 /* Assets.xcassets in Resources */ = {isa = PBXBuildFile; fileRef = 2C03A37023D886320024E527 /* Assets.xcassets */; };
		2C03A37C23D886540024E527 /* LaunchScreen.storyboard in Resources */ = {isa = PBXBuildFile; fileRef = 2C03A37B23D886540024E527 /* LaunchScreen.storyboard */; };
		2C03A37E23D887690024E527 /* PhotoTableViewController.swift in Sources */ = {isa = PBXBuildFile; fileRef = 2C03A37D23D887690024E527 /* PhotoTableViewController.swift */; };
		2C03A38323D891220024E527 /* PhotoTableViewCell.swift in Sources */ = {isa = PBXBuildFile; fileRef = 2C03A38123D891220024E527 /* PhotoTableViewCell.swift */; };
		2C03A38723D893C70024E527 /* Photo.swift in Sources */ = {isa = PBXBuildFile; fileRef = 2C03A38623D893C70024E527 /* Photo.swift */; };
		2C03A38923D8942F0024E527 /* Result.swift in Sources */ = {isa = PBXBuildFile; fileRef = 2C03A38823D8942F0024E527 /* Result.swift */; };
		2C03A38B23D895230024E527 /* SearchResult.swift in Sources */ = {isa = PBXBuildFile; fileRef = 2C03A38A23D895230024E527 /* SearchResult.swift */; };
		2C03A38E23D8956F0024E527 /* NetworkManager.swift in Sources */ = {isa = PBXBuildFile; fileRef = 2C03A38D23D8956F0024E527 /* NetworkManager.swift */; };
		2C52F66923DF343500BC61F7 /* UIImageView+LoadImage.swift in Sources */ = {isa = PBXBuildFile; fileRef = 2C52F66823DF343500BC61F7 /* UIImageView+LoadImage.swift */; };
		2C52F66B23DF422E00BC61F7 /* PhotoResult.swift in Sources */ = {isa = PBXBuildFile; fileRef = 2C52F66A23DF422E00BC61F7 /* PhotoResult.swift */; };
		7B5B100EDA266085D1F00261 /* Pods_PhotoSearch.framework in Frameworks */ = {isa = PBXBuildFile; fileRef = 4FF709EFCA614166E1F99EDF /* Pods_PhotoSearch.framework */; };
/* End PBXBuildFile section */

/* Begin PBXFileReference section */
		00E2E2565C1ECF1B73A56798 /* Pods-PhotoSearch.release.xcconfig */ = {isa = PBXFileReference; includeInIndex = 1; lastKnownFileType = text.xcconfig; name = "Pods-PhotoSearch.release.xcconfig"; path = "Target Support Files/Pods-PhotoSearch/Pods-PhotoSearch.release.xcconfig"; sourceTree = "<group>"; };
		2C03A36423D8862E0024E527 /* PhotoSearch.app */ = {isa = PBXFileReference; explicitFileType = wrapper.application; includeInIndex = 0; path = PhotoSearch.app; sourceTree = BUILT_PRODUCTS_DIR; };
		2C03A36723D8862E0024E527 /* AppDelegate.swift */ = {isa = PBXFileReference; lastKnownFileType = sourcecode.swift; path = AppDelegate.swift; sourceTree = "<group>"; };
		2C03A37023D886320024E527 /* Assets.xcassets */ = {isa = PBXFileReference; lastKnownFileType = folder.assetcatalog; path = Assets.xcassets; sourceTree = "<group>"; };
		2C03A37523D886320024E527 /* Info.plist */ = {isa = PBXFileReference; lastKnownFileType = text.plist.xml; path = Info.plist; sourceTree = "<group>"; };
		2C03A37B23D886540024E527 /* LaunchScreen.storyboard */ = {isa = PBXFileReference; lastKnownFileType = file.storyboard; path = LaunchScreen.storyboard; sourceTree = "<group>"; };
		2C03A37D23D887690024E527 /* PhotoTableViewController.swift */ = {isa = PBXFileReference; lastKnownFileType = sourcecode.swift; path = PhotoTableViewController.swift; sourceTree = "<group>"; };
		2C03A38123D891220024E527 /* PhotoTableViewCell.swift */ = {isa = PBXFileReference; lastKnownFileType = sourcecode.swift; path = PhotoTableViewCell.swift; sourceTree = "<group>"; };
		2C03A38623D893C70024E527 /* Photo.swift */ = {isa = PBXFileReference; lastKnownFileType = sourcecode.swift; path = Photo.swift; sourceTree = "<group>"; };
		2C03A38823D8942F0024E527 /* Result.swift */ = {isa = PBXFileReference; lastKnownFileType = sourcecode.swift; path = Result.swift; sourceTree = "<group>"; };
		2C03A38A23D895230024E527 /* SearchResult.swift */ = {isa = PBXFileReference; lastKnownFileType = sourcecode.swift; path = SearchResult.swift; sourceTree = "<group>"; };
		2C03A38D23D8956F0024E527 /* NetworkManager.swift */ = {isa = PBXFileReference; lastKnownFileType = sourcecode.swift; path = NetworkManager.swift; sourceTree = "<group>"; };
		2C52F66823DF343500BC61F7 /* UIImageView+LoadImage.swift */ = {isa = PBXFileReference; lastKnownFileType = sourcecode.swift; path = "UIImageView+LoadImage.swift"; sourceTree = "<group>"; };
		2C52F66A23DF422E00BC61F7 /* PhotoResult.swift */ = {isa = PBXFileReference; lastKnownFileType = sourcecode.swift; path = PhotoResult.swift; sourceTree = "<group>"; };
		4FF709EFCA614166E1F99EDF /* Pods_PhotoSearch.framework */ = {isa = PBXFileReference; explicitFileType = wrapper.framework; includeInIndex = 0; path = Pods_PhotoSearch.framework; sourceTree = BUILT_PRODUCTS_DIR; };
		93F5EE30878B05AF0BB8D6E0 /* Pods-PhotoSearch.debug.xcconfig */ = {isa = PBXFileReference; includeInIndex = 1; lastKnownFileType = text.xcconfig; name = "Pods-PhotoSearch.debug.xcconfig"; path = "Target Support Files/Pods-PhotoSearch/Pods-PhotoSearch.debug.xcconfig"; sourceTree = "<group>"; };
/* End PBXFileReference section */

/* Begin PBXFrameworksBuildPhase section */
		2C03A36123D8862E0024E527 /* Frameworks */ = {
			isa = PBXFrameworksBuildPhase;
			buildActionMask = 2147483647;
			files = (
				7B5B100EDA266085D1F00261 /* Pods_PhotoSearch.framework in Frameworks */,
			);
			runOnlyForDeploymentPostprocessing = 0;
		};
/* End PBXFrameworksBuildPhase section */

/* Begin PBXGroup section */
		1DAB3D0AB6A1B31E85D5F989 /* Frameworks */ = {
			isa = PBXGroup;
			children = (
				4FF709EFCA614166E1F99EDF /* Pods_PhotoSearch.framework */,
			);
			name = Frameworks;
			sourceTree = "<group>";
		};
		2C03A35B23D8862E0024E527 = {
			isa = PBXGroup;
			children = (
				2C03A36623D8862E0024E527 /* PhotoSearch */,
				2C03A36523D8862E0024E527 /* Products */,
				C1C4AD30F676923390C0EABA /* Pods */,
				1DAB3D0AB6A1B31E85D5F989 /* Frameworks */,
			);
			sourceTree = "<group>";
		};
		2C03A36523D8862E0024E527 /* Products */ = {
			isa = PBXGroup;
			children = (
				2C03A36423D8862E0024E527 /* PhotoSearch.app */,
			);
			name = Products;
			sourceTree = "<group>";
		};
		2C03A36623D8862E0024E527 /* PhotoSearch */ = {
			isa = PBXGroup;
			children = (
				2C03A37F23D890E50024E527 /* Controllers */,
				2C03A38023D890F60024E527 /* Views */,
				2C03A38523D893110024E527 /* Models */,
				2C03A38C23D895580024E527 /* Managers */,
				2C52F66723DF339500BC61F7 /* Extensions */,
				2C03A36723D8862E0024E527 /* AppDelegate.swift */,
				2C03A37023D886320024E527 /* Assets.xcassets */,
				2C03A37523D886320024E527 /* Info.plist */,
				2C03A37B23D886540024E527 /* LaunchScreen.storyboard */,
			);
			path = PhotoSearch;
			sourceTree = "<group>";
		};
		2C03A37F23D890E50024E527 /* Controllers */ = {
			isa = PBXGroup;
			children = (
				2C03A37D23D887690024E527 /* PhotoTableViewController.swift */,
			);
			path = Controllers;
			sourceTree = "<group>";
		};
		2C03A38023D890F60024E527 /* Views */ = {
			isa = PBXGroup;
			children = (
				2C03A38123D891220024E527 /* PhotoTableViewCell.swift */,
			);
			path = Views;
			sourceTree = "<group>";
		};
		2C03A38523D893110024E527 /* Models */ = {
			isa = PBXGroup;
			children = (
				2C03A38623D893C70024E527 /* Photo.swift */,
				2C03A38823D8942F0024E527 /* Result.swift */,
				2C03A38A23D895230024E527 /* SearchResult.swift */,
				2C52F66A23DF422E00BC61F7 /* PhotoResult.swift */,
			);
			path = Models;
			sourceTree = "<group>";
		};
		2C03A38C23D895580024E527 /* Managers */ = {
			isa = PBXGroup;
			children = (
				2C03A38D23D8956F0024E527 /* NetworkManager.swift */,
			);
			path = Managers;
			sourceTree = "<group>";
		};
		2C52F66723DF339500BC61F7 /* Extensions */ = {
			isa = PBXGroup;
			children = (
				2C52F66823DF343500BC61F7 /* UIImageView+LoadImage.swift */,
			);
			path = Extensions;
			sourceTree = "<group>";
		};
		C1C4AD30F676923390C0EABA /* Pods */ = {
			isa = PBXGroup;
			children = (
				93F5EE30878B05AF0BB8D6E0 /* Pods-PhotoSearch.debug.xcconfig */,
				00E2E2565C1ECF1B73A56798 /* Pods-PhotoSearch.release.xcconfig */,
			);
			path = Pods;
			sourceTree = "<group>";
		};
/* End PBXGroup section */

/* Begin PBXNativeTarget section */
		2C03A36323D8862E0024E527 /* PhotoSearch */ = {
			isa = PBXNativeTarget;
			buildConfigurationList = 2C03A37823D886320024E527 /* Build configuration list for PBXNativeTarget "PhotoSearch" */;
			buildPhases = (
				264E6502FBFB01E3E89485B3 /* [CP] Check Pods Manifest.lock */,
				2C03A36023D8862E0024E527 /* Sources */,
				2C03A36123D8862E0024E527 /* Frameworks */,
				2C03A36223D8862E0024E527 /* Resources */,
				BC00C6AD9981AA00B8175F79 /* [CP] Embed Pods Frameworks */,
			);
			buildRules = (
			);
			dependencies = (
			);
			name = PhotoSearch;
			productName = PhotoSearch;
			productReference = 2C03A36423D8862E0024E527 /* PhotoSearch.app */;
			productType = "com.apple.product-type.application";
		};
/* End PBXNativeTarget section */

/* Begin PBXProject section */
		2C03A35C23D8862E0024E527 /* Project object */ = {
			isa = PBXProject;
			attributes = {
				LastSwiftUpdateCheck = 1130;
				LastUpgradeCheck = 1130;
				ORGANIZATIONNAME = "Eduard Galchenko";
				TargetAttributes = {
					2C03A36323D8862E0024E527 = {
						CreatedOnToolsVersion = 11.3.1;
					};
				};
			};
			buildConfigurationList = 2C03A35F23D8862E0024E527 /* Build configuration list for PBXProject "PhotoSearch" */;
			compatibilityVersion = "Xcode 9.3";
			developmentRegion = en;
			hasScannedForEncodings = 0;
			knownRegions = (
				en,
				Base,
			);
			mainGroup = 2C03A35B23D8862E0024E527;
			productRefGroup = 2C03A36523D8862E0024E527 /* Products */;
			projectDirPath = "";
			projectRoot = "";
			targets = (
				2C03A36323D8862E0024E527 /* PhotoSearch */,
			);
		};
/* End PBXProject section */

/* Begin PBXResourcesBuildPhase section */
		2C03A36223D8862E0024E527 /* Resources */ = {
			isa = PBXResourcesBuildPhase;
			buildActionMask = 2147483647;
			files = (
				2C03A37C23D886540024E527 /* LaunchScreen.storyboard in Resources */,
				2C03A37123D886320024E527 /* Assets.xcassets in Resources */,
			);
			runOnlyForDeploymentPostprocessing = 0;
		};
/* End PBXResourcesBuildPhase section */

/* Begin PBXShellScriptBuildPhase section */
		264E6502FBFB01E3E89485B3 /* [CP] Check Pods Manifest.lock */ = {
			isa = PBXShellScriptBuildPhase;
			buildActionMask = 2147483647;
			files = (
			);
			inputFileListPaths = (
			);
			inputPaths = (
				"${PODS_PODFILE_DIR_PATH}/Podfile.lock",
				"${PODS_ROOT}/Manifest.lock",
			);
			name = "[CP] Check Pods Manifest.lock";
			outputFileListPaths = (
			);
			outputPaths = (
				"$(DERIVED_FILE_DIR)/Pods-PhotoSearch-checkManifestLockResult.txt",
			);
			runOnlyForDeploymentPostprocessing = 0;
			shellPath = /bin/sh;
			shellScript = "diff \"${PODS_PODFILE_DIR_PATH}/Podfile.lock\" \"${PODS_ROOT}/Manifest.lock\" > /dev/null\nif [ $? != 0 ] ; then\n    # print error to STDERR\n    echo \"error: The sandbox is not in sync with the Podfile.lock. Run 'pod install' or update your CocoaPods installation.\" >&2\n    exit 1\nfi\n# This output is used by Xcode 'outputs' to avoid re-running this script phase.\necho \"SUCCESS\" > \"${SCRIPT_OUTPUT_FILE_0}\"\n";
			showEnvVarsInLog = 0;
		};
		BC00C6AD9981AA00B8175F79 /* [CP] Embed Pods Frameworks */ = {
			isa = PBXShellScriptBuildPhase;
			buildActionMask = 2147483647;
			files = (
			);
			inputFileListPaths = (
				"${PODS_ROOT}/Target Support Files/Pods-PhotoSearch/Pods-PhotoSearch-frameworks-${CONFIGURATION}-input-files.xcfilelist",
			);
			name = "[CP] Embed Pods Frameworks";
			outputFileListPaths = (
				"${PODS_ROOT}/Target Support Files/Pods-PhotoSearch/Pods-PhotoSearch-frameworks-${CONFIGURATION}-output-files.xcfilelist",
			);
			runOnlyForDeploymentPostprocessing = 0;
			shellPath = /bin/sh;
			shellScript = "\"${PODS_ROOT}/Target Support Files/Pods-PhotoSearch/Pods-PhotoSearch-frameworks.sh\"\n";
			showEnvVarsInLog = 0;
		};
/* End PBXShellScriptBuildPhase section */

/* Begin PBXSourcesBuildPhase section */
		2C03A36023D8862E0024E527 /* Sources */ = {
			isa = PBXSourcesBuildPhase;
			buildActionMask = 2147483647;
			files = (
				2C52F66923DF343500BC61F7 /* UIImageView+LoadImage.swift in Sources */,
				2C03A38723D893C70024E527 /* Photo.swift in Sources */,
				2C03A38923D8942F0024E527 /* Result.swift in Sources */,
				2C03A37E23D887690024E527 /* PhotoTableViewController.swift in Sources */,
				2C03A38E23D8956F0024E527 /* NetworkManager.swift in Sources */,
				2C03A36823D8862E0024E527 /* AppDelegate.swift in Sources */,
				2C52F66B23DF422E00BC61F7 /* PhotoResult.swift in Sources */,
				2C03A38B23D895230024E527 /* SearchResult.swift in Sources */,
				2C03A38323D891220024E527 /* PhotoTableViewCell.swift in Sources */,
			);
			runOnlyForDeploymentPostprocessing = 0;
		};
/* End PBXSourcesBuildPhase section */

/* Begin XCBuildConfiguration section */
		2C03A37623D886320024E527 /* Debug */ = {
			isa = XCBuildConfiguration;
			buildSettings = {
				ALWAYS_SEARCH_USER_PATHS = NO;
				CLANG_ANALYZER_NONNULL = YES;
				CLANG_ANALYZER_NUMBER_OBJECT_CONVERSION = YES_AGGRESSIVE;
				CLANG_CXX_LANGUAGE_STANDARD = "gnu++14";
				CLANG_CXX_LIBRARY = "libc++";
				CLANG_ENABLE_MODULES = YES;
				CLANG_ENABLE_OBJC_ARC = YES;
				CLANG_ENABLE_OBJC_WEAK = YES;
				CLANG_WARN_BLOCK_CAPTURE_AUTORELEASING = YES;
				CLANG_WARN_BOOL_CONVERSION = YES;
				CLANG_WARN_COMMA = YES;
				CLANG_WARN_CONSTANT_CONVERSION = YES;
				CLANG_WARN_DEPRECATED_OBJC_IMPLEMENTATIONS = YES;
				CLANG_WARN_DIRECT_OBJC_ISA_USAGE = YES_ERROR;
				CLANG_WARN_DOCUMENTATION_COMMENTS = YES;
				CLANG_WARN_EMPTY_BODY = YES;
				CLANG_WARN_ENUM_CONVERSION = YES;
				CLANG_WARN_INFINITE_RECURSION = YES;
				CLANG_WARN_INT_CONVERSION = YES;
				CLANG_WARN_NON_LITERAL_NULL_CONVERSION = YES;
				CLANG_WARN_OBJC_IMPLICIT_RETAIN_SELF = YES;
				CLANG_WARN_OBJC_LITERAL_CONVERSION = YES;
				CLANG_WARN_OBJC_ROOT_CLASS = YES_ERROR;
				CLANG_WARN_RANGE_LOOP_ANALYSIS = YES;
				CLANG_WARN_STRICT_PROTOTYPES = YES;
				CLANG_WARN_SUSPICIOUS_MOVE = YES;
				CLANG_WARN_UNGUARDED_AVAILABILITY = YES_AGGRESSIVE;
				CLANG_WARN_UNREACHABLE_CODE = YES;
				CLANG_WARN__DUPLICATE_METHOD_MATCH = YES;
				COPY_PHASE_STRIP = NO;
				DEBUG_INFORMATION_FORMAT = dwarf;
				ENABLE_STRICT_OBJC_MSGSEND = YES;
				ENABLE_TESTABILITY = YES;
				GCC_C_LANGUAGE_STANDARD = gnu11;
				GCC_DYNAMIC_NO_PIC = NO;
				GCC_NO_COMMON_BLOCKS = YES;
				GCC_OPTIMIZATION_LEVEL = 0;
				GCC_PREPROCESSOR_DEFINITIONS = (
					"DEBUG=1",
					"$(inherited)",
				);
				GCC_WARN_64_TO_32_BIT_CONVERSION = YES;
				GCC_WARN_ABOUT_RETURN_TYPE = YES_ERROR;
				GCC_WARN_UNDECLARED_SELECTOR = YES;
				GCC_WARN_UNINITIALIZED_AUTOS = YES_AGGRESSIVE;
				GCC_WARN_UNUSED_FUNCTION = YES;
				GCC_WARN_UNUSED_VARIABLE = YES;
				IPHONEOS_DEPLOYMENT_TARGET = 13.2;
				MTL_ENABLE_DEBUG_INFO = INCLUDE_SOURCE;
				MTL_FAST_MATH = YES;
				ONLY_ACTIVE_ARCH = YES;
				SDKROOT = iphoneos;
				SWIFT_ACTIVE_COMPILATION_CONDITIONS = DEBUG;
				SWIFT_OPTIMIZATION_LEVEL = "-Onone";
			};
			name = Debug;
		};
		2C03A37723D886320024E527 /* Release */ = {
			isa = XCBuildConfiguration;
			buildSettings = {
				ALWAYS_SEARCH_USER_PATHS = NO;
				CLANG_ANALYZER_NONNULL = YES;
				CLANG_ANALYZER_NUMBER_OBJECT_CONVERSION = YES_AGGRESSIVE;
				CLANG_CXX_LANGUAGE_STANDARD = "gnu++14";
				CLANG_CXX_LIBRARY = "libc++";
				CLANG_ENABLE_MODULES = YES;
				CLANG_ENABLE_OBJC_ARC = YES;
				CLANG_ENABLE_OBJC_WEAK = YES;
				CLANG_WARN_BLOCK_CAPTURE_AUTORELEASING = YES;
				CLANG_WARN_BOOL_CONVERSION = YES;
				CLANG_WARN_COMMA = YES;
				CLANG_WARN_CONSTANT_CONVERSION = YES;
				CLANG_WARN_DEPRECATED_OBJC_IMPLEMENTATIONS = YES;
				CLANG_WARN_DIRECT_OBJC_ISA_USAGE = YES_ERROR;
				CLANG_WARN_DOCUMENTATION_COMMENTS = YES;
				CLANG_WARN_EMPTY_BODY = YES;
				CLANG_WARN_ENUM_CONVERSION = YES;
				CLANG_WARN_INFINITE_RECURSION = YES;
				CLANG_WARN_INT_CONVERSION = YES;
				CLANG_WARN_NON_LITERAL_NULL_CONVERSION = YES;
				CLANG_WARN_OBJC_IMPLICIT_RETAIN_SELF = YES;
				CLANG_WARN_OBJC_LITERAL_CONVERSION = YES;
				CLANG_WARN_OBJC_ROOT_CLASS = YES_ERROR;
				CLANG_WARN_RANGE_LOOP_ANALYSIS = YES;
				CLANG_WARN_STRICT_PROTOTYPES = YES;
				CLANG_WARN_SUSPICIOUS_MOVE = YES;
				CLANG_WARN_UNGUARDED_AVAILABILITY = YES_AGGRESSIVE;
				CLANG_WARN_UNREACHABLE_CODE = YES;
				CLANG_WARN__DUPLICATE_METHOD_MATCH = YES;
				COPY_PHASE_STRIP = NO;
				DEBUG_INFORMATION_FORMAT = "dwarf-with-dsym";
				ENABLE_NS_ASSERTIONS = NO;
				ENABLE_STRICT_OBJC_MSGSEND = YES;
				GCC_C_LANGUAGE_STANDARD = gnu11;
				GCC_NO_COMMON_BLOCKS = YES;
				GCC_WARN_64_TO_32_BIT_CONVERSION = YES;
				GCC_WARN_ABOUT_RETURN_TYPE = YES_ERROR;
				GCC_WARN_UNDECLARED_SELECTOR = YES;
				GCC_WARN_UNINITIALIZED_AUTOS = YES_AGGRESSIVE;
				GCC_WARN_UNUSED_FUNCTION = YES;
				GCC_WARN_UNUSED_VARIABLE = YES;
				IPHONEOS_DEPLOYMENT_TARGET = 13.2;
				MTL_ENABLE_DEBUG_INFO = NO;
				MTL_FAST_MATH = YES;
				SDKROOT = iphoneos;
				SWIFT_COMPILATION_MODE = wholemodule;
				SWIFT_OPTIMIZATION_LEVEL = "-O";
				VALIDATE_PRODUCT = YES;
			};
			name = Release;
		};
		2C03A37923D886320024E527 /* Debug */ = {
			isa = XCBuildConfiguration;
			baseConfigurationReference = 93F5EE30878B05AF0BB8D6E0 /* Pods-PhotoSearch.debug.xcconfig */;
			buildSettings = {
				ASSETCATALOG_COMPILER_APPICON_NAME = AppIcon;
				CODE_SIGN_STYLE = Automatic;
				DEVELOPMENT_TEAM = Z8345E68DL;
				INFOPLIST_FILE = PhotoSearch/Info.plist;
				LD_RUNPATH_SEARCH_PATHS = (
					"$(inherited)",
					"@executable_path/Frameworks",
				);
				PRODUCT_BUNDLE_IDENTIFIER = EGB.PhotoSearch;
				PRODUCT_NAME = "$(TARGET_NAME)";
				SWIFT_VERSION = 5.0;
				TARGETED_DEVICE_FAMILY = "1,2";
			};
			name = Debug;
		};
		2C03A37A23D886320024E527 /* Release */ = {
			isa = XCBuildConfiguration;
			baseConfigurationReference = 00E2E2565C1ECF1B73A56798 /* Pods-PhotoSearch.release.xcconfig */;
			buildSettings = {
				ASSETCATALOG_COMPILER_APPICON_NAME = AppIcon;
				CODE_SIGN_STYLE = Automatic;
				DEVELOPMENT_TEAM = Z8345E68DL;
				INFOPLIST_FILE = PhotoSearch/Info.plist;
				LD_RUNPATH_SEARCH_PATHS = (
					"$(inherited)",
					"@executable_path/Frameworks",
				);
				PRODUCT_BUNDLE_IDENTIFIER = EGB.PhotoSearch;
				PRODUCT_NAME = "$(TARGET_NAME)";
				SWIFT_VERSION = 5.0;
				TARGETED_DEVICE_FAMILY = "1,2";
			};
			name = Release;
		};
/* End XCBuildConfiguration section */

/* Begin XCConfigurationList section */
		2C03A35F23D8862E0024E527 /* Build configuration list for PBXProject "PhotoSearch" */ = {
			isa = XCConfigurationList;
			buildConfigurations = (
				2C03A37623D886320024E527 /* Debug */,
				2C03A37723D886320024E527 /* Release */,
			);
			defaultConfigurationIsVisible = 0;
			defaultConfigurationName = Release;
		};
		2C03A37823D886320024E527 /* Build configuration list for PBXNativeTarget "PhotoSearch" */ = {
			isa = XCConfigurationList;
			buildConfigurations = (
				2C03A37923D886320024E527 /* Debug */,
				2C03A37A23D886320024E527 /* Release */,
			);
			defaultConfigurationIsVisible = 0;
			defaultConfigurationName = Release;
		};
/* End XCConfigurationList section */
	};
	rootObject = 2C03A35C23D8862E0024E527 /* Project object */;
}
